
Microsoft Visual Studio Solution File, Format Version 12.00
# Visual Studio 15
VisualStudioVersion = 15.0.28010.2046
MinimumVisualStudioVersion = 10.0.40219.1
Project("{FAE04EC0-301F-11D3-BF4B-00C04F79EFBC}") = "Se", "Se\Se.csproj", "{F257E3F3-F12B-4B33-9837-5B89B00D18EC}"
EndProject
Global
	GlobalSection(SolutionConfigurationPlatforms) = preSolution
		Debug|Any CPU = Debug|Any CPU
		Release|Any CPU = Release|Any CPU
	EndGlobalSection
	GlobalSection(ProjectConfigurationPlatforms) = postSolution
		{F257E3F3-F12B-4B33-9837-5B89B00D18EC}.Debug|Any CPU.ActiveCfg = Debug|Any CPU
		{F257E3F3-F12B-4B33-9837-5B89B00D18EC}.Debug|Any CPU.Build.0 = Debug|Any CPU
		{F257E3F3-F12B-4B33-9837-5B89B00D18EC}.Release|Any CPU.ActiveCfg = Release|Any CPU
		{F257E3F3-F12B-4B33-9837-5B89B00D18EC}.Release|Any CPU.Build.0 = Release|Any CPU
	EndGlobalSection
	GlobalSection(SolutionProperties) = preSolution
		HideSolutionNode = FALSE
	EndGlobalSection
	GlobalSection(ExtensibilityGlobals) = postSolution
		SolutionGuid = {1AD7BFF7-E880-4101-8787-87DC3F1BF58A}
	EndGlobalSection
EndGlobal
